
Microsoft Visual Studio Solution File, Format Version 12.00
# Visual Studio Version 16
VisualStudioVersion = 16.0.29920.165
MinimumVisualStudioVersion = 15.0.26124.0
Project("{2150E333-8FDC-42A3-9474-1A3956D46DE8}") = "src", "src", "{9FAF5D58-5254-49D4-B5EE-F82A44A748E0}"
EndProject
Project("{9A19103F-16F7-4668-BE54-9A1E7A4F7556}") = "Api", "src\Api\Api.csproj", "{7B22624B-84CE-4F26-B6E0-F79BC6554988}"
EndProject
Project("{9A19103F-16F7-4668-BE54-9A1E7A4F7556}") = "IdentityServerAspNetIdentity", "src\IdentityServerAspNetIdentity\IdentityServerAspNetIdentity.csproj", "{7652B4CA-CD81-48A9-AB33-1A06BD0CB04E}"
EndProject
Project("{9A19103F-16F7-4668-BE54-9A1E7A4F7556}") = "AppWebClient", "src\AppWebClient\AppWebClient.csproj", "{D78A8C2C-9900-495A-A042-467699003272}"
EndProject
Project("{2150E333-8FDC-42A3-9474-1A3956D46DE8}") = "Doc", "Doc", "{B58C23A9-C04B-455B-BA4F-83013D24BC68}"
	ProjectSection(SolutionItems) = preProject
		ControleursTypes.txt = ControleursTypes.txt
		Controller_Redirection.txt = Controller_Redirection.txt
		HTTPMethodes.txt = HTTPMethodes.txt
		LinQ_1.txt = LinQ_1.txt
		MVC_VariableDynamic_ViewBag.txt = MVC_VariableDynamic_ViewBag.txt
		MVC_VariableDynamic_ViewData.txt = MVC_VariableDynamic_ViewData.txt
		Razor_Commentaires.txt = Razor_Commentaires.txt
		Razor_Date.txt = Razor_Date.txt
		Razor_Html.ActionLink.txt = Razor_Html.ActionLink.txt
	EndProjectSection
EndProject
Global
	GlobalSection(SolutionConfigurationPlatforms) = preSolution
		Debug|Any CPU = Debug|Any CPU
		Debug|x64 = Debug|x64
		Debug|x86 = Debug|x86
		Release|Any CPU = Release|Any CPU
		Release|x64 = Release|x64
		Release|x86 = Release|x86
	EndGlobalSection
	GlobalSection(ProjectConfigurationPlatforms) = postSolution
		{7B22624B-84CE-4F26-B6E0-F79BC6554988}.Debug|Any CPU.ActiveCfg = Debug|Any CPU
		{7B22624B-84CE-4F26-B6E0-F79BC6554988}.Debug|Any CPU.Build.0 = Debug|Any CPU
		{7B22624B-84CE-4F26-B6E0-F79BC6554988}.Debug|x64.ActiveCfg = Debug|Any CPU
		{7B22624B-84CE-4F26-B6E0-F79BC6554988}.Debug|x64.Build.0 = Debug|Any CPU
		{7B22624B-84CE-4F26-B6E0-F79BC6554988}.Debug|x86.ActiveCfg = Debug|Any CPU
		{7B22624B-84CE-4F26-B6E0-F79BC6554988}.Debug|x86.Build.0 = Debug|Any CPU
		{7B22624B-84CE-4F26-B6E0-F79BC6554988}.Release|Any CPU.ActiveCfg = Release|Any CPU
		{7B22624B-84CE-4F26-B6E0-F79BC6554988}.Release|Any CPU.Build.0 = Release|Any CPU
		{7B22624B-84CE-4F26-B6E0-F79BC6554988}.Release|x64.ActiveCfg = Release|Any CPU
		{7B22624B-84CE-4F26-B6E0-F79BC6554988}.Release|x64.Build.0 = Release|Any CPU
		{7B22624B-84CE-4F26-B6E0-F79BC6554988}.Release|x86.ActiveCfg = Release|Any CPU
		{7B22624B-84CE-4F26-B6E0-F79BC6554988}.Release|x86.Build.0 = Release|Any CPU
		{7652B4CA-CD81-48A9-AB33-1A06BD0CB04E}.Debug|Any CPU.ActiveCfg = Debug|Any CPU
		{7652B4CA-CD81-48A9-AB33-1A06BD0CB04E}.Debug|Any CPU.Build.0 = Debug|Any CPU
		{7652B4CA-CD81-48A9-AB33-1A06BD0CB04E}.Debug|x64.ActiveCfg = Debug|Any CPU
		{7652B4CA-CD81-48A9-AB33-1A06BD0CB04E}.Debug|x64.Build.0 = Debug|Any CPU
		{7652B4CA-CD81-48A9-AB33-1A06BD0CB04E}.Debug|x86.ActiveCfg = Debug|Any CPU
		{7652B4CA-CD81-48A9-AB33-1A06BD0CB04E}.Debug|x86.Build.0 = Debug|Any CPU
		{7652B4CA-CD81-48A9-AB33-1A06BD0CB04E}.Release|Any CPU.ActiveCfg = Release|Any CPU
		{7652B4CA-CD81-48A9-AB33-1A06BD0CB04E}.Release|Any CPU.Build.0 = Release|Any CPU
		{7652B4CA-CD81-48A9-AB33-1A06BD0CB04E}.Release|x64.ActiveCfg = Release|Any CPU
		{7652B4CA-CD81-48A9-AB33-1A06BD0CB04E}.Release|x64.Build.0 = Release|Any CPU
		{7652B4CA-CD81-48A9-AB33-1A06BD0CB04E}.Release|x86.ActiveCfg = Release|Any CPU
		{7652B4CA-CD81-48A9-AB33-1A06BD0CB04E}.Release|x86.Build.0 = Release|Any CPU
		{D78A8C2C-9900-495A-A042-467699003272}.Debug|Any CPU.ActiveCfg = Debug|Any CPU
		{D78A8C2C-9900-495A-A042-467699003272}.Debug|Any CPU.Build.0 = Debug|Any CPU
		{D78A8C2C-9900-495A-A042-467699003272}.Debug|x64.ActiveCfg = Debug|Any CPU
		{D78A8C2C-9900-495A-A042-467699003272}.Debug|x64.Build.0 = Debug|Any CPU
		{D78A8C2C-9900-495A-A042-467699003272}.Debug|x86.ActiveCfg = Debug|Any CPU
		{D78A8C2C-9900-495A-A042-467699003272}.Debug|x86.Build.0 = Debug|Any CPU
		{D78A8C2C-9900-495A-A042-467699003272}.Release|Any CPU.ActiveCfg = Release|Any CPU
		{D78A8C2C-9900-495A-A042-467699003272}.Release|Any CPU.Build.0 = Release|Any CPU
		{D78A8C2C-9900-495A-A042-467699003272}.Release|x64.ActiveCfg = Release|Any CPU
		{D78A8C2C-9900-495A-A042-467699003272}.Release|x64.Build.0 = Release|Any CPU
		{D78A8C2C-9900-495A-A042-467699003272}.Release|x86.ActiveCfg = Release|Any CPU
		{D78A8C2C-9900-495A-A042-467699003272}.Release|x86.Build.0 = Release|Any CPU
	EndGlobalSection
	GlobalSection(SolutionProperties) = preSolution
		HideSolutionNode = FALSE
	EndGlobalSection
	GlobalSection(NestedProjects) = preSolution
		{7B22624B-84CE-4F26-B6E0-F79BC6554988} = {9FAF5D58-5254-49D4-B5EE-F82A44A748E0}
		{7652B4CA-CD81-48A9-AB33-1A06BD0CB04E} = {9FAF5D58-5254-49D4-B5EE-F82A44A748E0}
		{D78A8C2C-9900-495A-A042-467699003272} = {9FAF5D58-5254-49D4-B5EE-F82A44A748E0}
		{B58C23A9-C04B-455B-BA4F-83013D24BC68} = {9FAF5D58-5254-49D4-B5EE-F82A44A748E0}
	EndGlobalSection
	GlobalSection(ExtensibilityGlobals) = postSolution
		SolutionGuid = {AF5459F2-F947-412C-930A-A66FDA3CF9A2}
	EndGlobalSection
EndGlobal
