
Microsoft Visual Studio Solution File, Format Version 12.00
# Visual Studio Version 16
VisualStudioVersion = 16.0.29920.165
MinimumVisualStudioVersion = 15.0.26124.0
Project("{2150E333-8FDC-42A3-9474-1A3956D46DE8}") = "src", "src", "{9FAF5D58-5254-49D4-B5EE-F82A44A748E0}"
EndProject
Project("{9A19103F-16F7-4668-BE54-9A1E7A4F7556}") = "Api", "src\Api\Api.csproj", "{7B22624B-84CE-4F26-B6E0-F79BC6554988}"
EndProject
Project("{9A19103F-16F7-4668-BE54-9A1E7A4F7556}") = "WebApplication1", "src\WebApplication1\WebApplication1.csproj", "{D5FA3E3A-7F5F-4B37-B11F-B67441A1D1E3}"
EndProject
Project("{9A19103F-16F7-4668-BE54-9A1E7A4F7556}") = "IdentityServerAspNetIdentity", "src\IdentityServerAspNetIdentity\IdentityServerAspNetIdentity.csproj", "{7652B4CA-CD81-48A9-AB33-1A06BD0CB04E}"
EndProject
Global
	GlobalSection(SolutionConfigurationPlatforms) = preSolution
		Debug|Any CPU = Debug|Any CPU
		Debug|x64 = Debug|x64
		Debug|x86 = Debug|x86
		Release|Any CPU = Release|Any CPU
		Release|x64 = Release|x64
		Release|x86 = Release|x86
	EndGlobalSection
	GlobalSection(ProjectConfigurationPlatforms) = postSolution
		{7B22624B-84CE-4F26-B6E0-F79BC6554988}.Debug|Any CPU.ActiveCfg = Debug|Any CPU
		{7B22624B-84CE-4F26-B6E0-F79BC6554988}.Debug|Any CPU.Build.0 = Debug|Any CPU
		{7B22624B-84CE-4F26-B6E0-F79BC6554988}.Debug|x64.ActiveCfg = Debug|Any CPU
		{7B22624B-84CE-4F26-B6E0-F79BC6554988}.Debug|x64.Build.0 = Debug|Any CPU
		{7B22624B-84CE-4F26-B6E0-F79BC6554988}.Debug|x86.ActiveCfg = Debug|Any CPU
		{7B22624B-84CE-4F26-B6E0-F79BC6554988}.Debug|x86.Build.0 = Debug|Any CPU
		{7B22624B-84CE-4F26-B6E0-F79BC6554988}.Release|Any CPU.ActiveCfg = Release|Any CPU
		{7B22624B-84CE-4F26-B6E0-F79BC6554988}.Release|Any CPU.Build.0 = Release|Any CPU
		{7B22624B-84CE-4F26-B6E0-F79BC6554988}.Release|x64.ActiveCfg = Release|Any CPU
		{7B22624B-84CE-4F26-B6E0-F79BC6554988}.Release|x64.Build.0 = Release|Any CPU
		{7B22624B-84CE-4F26-B6E0-F79BC6554988}.Release|x86.ActiveCfg = Release|Any CPU
		{7B22624B-84CE-4F26-B6E0-F79BC6554988}.Release|x86.Build.0 = Release|Any CPU
		{D5FA3E3A-7F5F-4B37-B11F-B67441A1D1E3}.Debug|Any CPU.ActiveCfg = Debug|Any CPU
		{D5FA3E3A-7F5F-4B37-B11F-B67441A1D1E3}.Debug|Any CPU.Build.0 = Debug|Any CPU
		{D5FA3E3A-7F5F-4B37-B11F-B67441A1D1E3}.Debug|x64.ActiveCfg = Debug|Any CPU
		{D5FA3E3A-7F5F-4B37-B11F-B67441A1D1E3}.Debug|x64.Build.0 = Debug|Any CPU
		{D5FA3E3A-7F5F-4B37-B11F-B67441A1D1E3}.Debug|x86.ActiveCfg = Debug|Any CPU
		{D5FA3E3A-7F5F-4B37-B11F-B67441A1D1E3}.Debug|x86.Build.0 = Debug|Any CPU
		{D5FA3E3A-7F5F-4B37-B11F-B67441A1D1E3}.Release|Any CPU.ActiveCfg = Release|Any CPU
		{D5FA3E3A-7F5F-4B37-B11F-B67441A1D1E3}.Release|Any CPU.Build.0 = Release|Any CPU
		{D5FA3E3A-7F5F-4B37-B11F-B67441A1D1E3}.Release|x64.ActiveCfg = Release|Any CPU
		{D5FA3E3A-7F5F-4B37-B11F-B67441A1D1E3}.Release|x64.Build.0 = Release|Any CPU
		{D5FA3E3A-7F5F-4B37-B11F-B67441A1D1E3}.Release|x86.ActiveCfg = Release|Any CPU
		{D5FA3E3A-7F5F-4B37-B11F-B67441A1D1E3}.Release|x86.Build.0 = Release|Any CPU
		{7652B4CA-CD81-48A9-AB33-1A06BD0CB04E}.Debug|Any CPU.ActiveCfg = Debug|Any CPU
		{7652B4CA-CD81-48A9-AB33-1A06BD0CB04E}.Debug|Any CPU.Build.0 = Debug|Any CPU
		{7652B4CA-CD81-48A9-AB33-1A06BD0CB04E}.Debug|x64.ActiveCfg = Debug|Any CPU
		{7652B4CA-CD81-48A9-AB33-1A06BD0CB04E}.Debug|x64.Build.0 = Debug|Any CPU
		{7652B4CA-CD81-48A9-AB33-1A06BD0CB04E}.Debug|x86.ActiveCfg = Debug|Any CPU
		{7652B4CA-CD81-48A9-AB33-1A06BD0CB04E}.Debug|x86.Build.0 = Debug|Any CPU
		{7652B4CA-CD81-48A9-AB33-1A06BD0CB04E}.Release|Any CPU.ActiveCfg = Release|Any CPU
		{7652B4CA-CD81-48A9-AB33-1A06BD0CB04E}.Release|Any CPU.Build.0 = Release|Any CPU
		{7652B4CA-CD81-48A9-AB33-1A06BD0CB04E}.Release|x64.ActiveCfg = Release|Any CPU
		{7652B4CA-CD81-48A9-AB33-1A06BD0CB04E}.Release|x64.Build.0 = Release|Any CPU
		{7652B4CA-CD81-48A9-AB33-1A06BD0CB04E}.Release|x86.ActiveCfg = Release|Any CPU
		{7652B4CA-CD81-48A9-AB33-1A06BD0CB04E}.Release|x86.Build.0 = Release|Any CPU
	EndGlobalSection
	GlobalSection(SolutionProperties) = preSolution
		HideSolutionNode = FALSE
	EndGlobalSection
	GlobalSection(NestedProjects) = preSolution
		{7B22624B-84CE-4F26-B6E0-F79BC6554988} = {9FAF5D58-5254-49D4-B5EE-F82A44A748E0}
		{D5FA3E3A-7F5F-4B37-B11F-B67441A1D1E3} = {9FAF5D58-5254-49D4-B5EE-F82A44A748E0}
		{7652B4CA-CD81-48A9-AB33-1A06BD0CB04E} = {9FAF5D58-5254-49D4-B5EE-F82A44A748E0}
	EndGlobalSection
	GlobalSection(ExtensibilityGlobals) = postSolution
		SolutionGuid = {AF5459F2-F947-412C-930A-A66FDA3CF9A2}
	EndGlobalSection
EndGlobal
